
Microsoft Visual Studio Solution File, Format Version 12.00
# Visual Studio Version 16
VisualStudioVersion = 16.0.31729.503
MinimumVisualStudioVersion = 10.0.40219.1
Project("{FAE04EC0-301F-11D3-BF4B-00C04F79EFBC}") = "BA_SOLID", "BA_SOLID\BA_SOLID.csproj", "{03F292C0-DF3C-4401-9AAF-0CBFB70CABBC}"
EndProject
Global
	GlobalSection(SolutionConfigurationPlatforms) = preSolution
		Debug|Any CPU = Debug|Any CPU
		Release|Any CPU = Release|Any CPU
	EndGlobalSection
	GlobalSection(ProjectConfigurationPlatforms) = postSolution
		{03F292C0-DF3C-4401-9AAF-0CBFB70CABBC}.Debug|Any CPU.ActiveCfg = Debug|Any CPU
		{03F292C0-DF3C-4401-9AAF-0CBFB70CABBC}.Debug|Any CPU.Build.0 = Debug|Any CPU
		{03F292C0-DF3C-4401-9AAF-0CBFB70CABBC}.Release|Any CPU.ActiveCfg = Release|Any CPU
		{03F292C0-DF3C-4401-9AAF-0CBFB70CABBC}.Release|Any CPU.Build.0 = Release|Any CPU
	EndGlobalSection
	GlobalSection(SolutionProperties) = preSolution
		HideSolutionNode = FALSE
	EndGlobalSection
	GlobalSection(ExtensibilityGlobals) = postSolution
		SolutionGuid = {41FB9D4E-0E04-4C8F-8ADE-799A0A5592D1}
	EndGlobalSection
EndGlobal
